// !$*UTF8*$!
{
	archiveVersion = 1;
	classes = {
	};
	objectVersion = 46;
	objects = {

/* Begin PBXBuildFile section */
		2BD57D08C4AFD1C6469570C4 /* ProjectDatabase.swift in Sources */ = {isa = PBXBuildFile; fileRef = 61C675EDBCE6EEC793620F1E /* ProjectDatabase.swift */; };
		31E844BB6CC7F5AF8A1AE048 /* KnowledgeView.swift in Sources */ = {isa = PBXBuildFile; fileRef = 1D6A8828032C460DD8666458 /* KnowledgeView.swift */; };
		64EAF909E1FD56410C36B85F /* Models.swift in Sources */ = {isa = PBXBuildFile; fileRef = C50C3E667653563A3C331EC3 /* Models.swift */; };
		68A5232C663AC5752A5BA134 /* PluginInstaller.swift in Sources */ = {isa = PBXBuildFile; fileRef = CEF99B3739A1286F88C144DF /* PluginInstaller.swift */; };
		6B482300D84883EDF327EAE7 /* Cocoa.framework in Frameworks */ = {isa = PBXBuildFile; fileRef = C12A851D4F7BBA4BFA5E297F /* Cocoa.framework */; };
		7B56B05A544633682DF9690A /* ContextOSDesktopApp.swift in Sources */ = {isa = PBXBuildFile; fileRef = E776947BB048EC3DAFAB4165 /* ContextOSDesktopApp.swift */; };
		81A7C0C76A9B6ED815D319F2 /* CanvasScene.swift in Sources */ = {isa = PBXBuildFile; fileRef = 9B20B7264BD50CDF8689D81D /* CanvasScene.swift */; };
		853999CBA18C48F8B40F465C /* AppUpdater.swift in Sources */ = {isa = PBXBuildFile; fileRef = 2E90D8B8F9708DF6AC2BD834 /* AppUpdater.swift */; };
		9363A4DA350132E939374FE5 /* MarkdownPage.swift in Sources */ = {isa = PBXBuildFile; fileRef = 75E5350B2D13657C8B35AE41 /* MarkdownPage.swift */; };
		9B97C0DCF1E2E8443CD34311 /* GraphCanvasView.swift in Sources */ = {isa = PBXBuildFile; fileRef = 31BB6ADC4F82384B6B57766D /* GraphCanvasView.swift */; };
		A1012E264FF6C03F871346A3 /* Theme.swift in Sources */ = {isa = PBXBuildFile; fileRef = 18F1723269D6CA447B5C3501 /* Theme.swift */; };
		B49179793BC9564A7B05A929 /* GraphStore.swift in Sources */ = {isa = PBXBuildFile; fileRef = EEFC7A2EB420601BC4929B59 /* GraphStore.swift */; };
		C0DE00000000000000000001 /* ContextOSVersion.swift in Sources */ = {isa = PBXBuildFile; fileRef = C0DE00000000000000000002 /* ContextOSVersion.swift */; };
		C0DE00000000000000000003 /* WrappingHStackLayout.swift in Sources */ = {isa = PBXBuildFile; fileRef = C0DE00000000000000000004 /* WrappingHStackLayout.swift */; };
		D3ACC6A2DA7452A1CCA51BAA /* ProjectLocation.swift in Sources */ = {isa = PBXBuildFile; fileRef = FA89952E0064C197616B8BD4 /* ProjectLocation.swift */; };
		D466BDDE606477C1E8E15B18 /* AppIcon.icns in Resources */ = {isa = PBXBuildFile; fileRef = 29C02B2D84EEF800CF1B093C /* AppIcon.icns */; };
		DA133E04F323D56F8404F561 /* ContentView.swift in Sources */ = {isa = PBXBuildFile; fileRef = 10D7424A64C7B936FF398782 /* ContentView.swift */; };
		E593FCB74118CB4D0353E44F /* NetworkLayoutEngine.swift in Sources */ = {isa = PBXBuildFile; fileRef = F5DBE136DB21150D8BF64C01 /* NetworkLayoutEngine.swift */; };
		F29C364245A8714F205A037C /* DetailView.swift in Sources */ = {isa = PBXBuildFile; fileRef = F8A5799A076A8333FD4582C2 /* DetailView.swift */; };
/* End PBXBuildFile section */

/* Begin PBXFileReference section */
		10D7424A64C7B936FF398782 /* ContentView.swift */ = {isa = PBXFileReference; includeInIndex = 1; lastKnownFileType = sourcecode.swift; path = ContentView.swift; sourceTree = "<group>"; };
		18F1723269D6CA447B5C3501 /* Theme.swift */ = {isa = PBXFileReference; includeInIndex = 1; lastKnownFileType = sourcecode.swift; path = Theme.swift; sourceTree = "<group>"; };
		1D6A8828032C460DD8666458 /* KnowledgeView.swift */ = {isa = PBXFileReference; includeInIndex = 1; lastKnownFileType = sourcecode.swift; path = KnowledgeView.swift; sourceTree = "<group>"; };
		29C02B2D84EEF800CF1B093C /* AppIcon.icns */ = {isa = PBXFileReference; includeInIndex = 1; path = AppIcon.icns; sourceTree = "<group>"; };
		2E90D8B8F9708DF6AC2BD834 /* AppUpdater.swift */ = {isa = PBXFileReference; includeInIndex = 1; lastKnownFileType = sourcecode.swift; path = AppUpdater.swift; sourceTree = "<group>"; };
		31BB6ADC4F82384B6B57766D /* GraphCanvasView.swift */ = {isa = PBXFileReference; includeInIndex = 1; lastKnownFileType = sourcecode.swift; path = GraphCanvasView.swift; sourceTree = "<group>"; };
		61C675EDBCE6EEC793620F1E /* ProjectDatabase.swift */ = {isa = PBXFileReference; includeInIndex = 1; lastKnownFileType = sourcecode.swift; path = ProjectDatabase.swift; sourceTree = "<group>"; };
		69F12F86A71CFBA92FB7EC04 /* contextos-desktop.app */ = {isa = PBXFileReference; explicitFileType = wrapper.application; includeInIndex = 0; path = "contextos-desktop.app"; sourceTree = BUILT_PRODUCTS_DIR; };
		75E5350B2D13657C8B35AE41 /* MarkdownPage.swift */ = {isa = PBXFileReference; includeInIndex = 1; lastKnownFileType = sourcecode.swift; path = MarkdownPage.swift; sourceTree = "<group>"; };
		9B20B7264BD50CDF8689D81D /* CanvasScene.swift */ = {isa = PBXFileReference; includeInIndex = 1; lastKnownFileType = sourcecode.swift; path = CanvasScene.swift; sourceTree = "<group>"; };
		C12A851D4F7BBA4BFA5E297F /* Cocoa.framework */ = {isa = PBXFileReference; lastKnownFileType = wrapper.framework; name = Cocoa.framework; path = Platforms/MacOSX.platform/Developer/SDKs/MacOSX15.0.sdk/System/Library/Frameworks/Cocoa.framework; sourceTree = DEVELOPER_DIR; };
		C50C3E667653563A3C331EC3 /* Models.swift */ = {isa = PBXFileReference; includeInIndex = 1; lastKnownFileType = sourcecode.swift; path = Models.swift; sourceTree = "<group>"; };
		C0DE00000000000000000002 /* ContextOSVersion.swift */ = {isa = PBXFileReference; includeInIndex = 1; lastKnownFileType = sourcecode.swift; path = ContextOSVersion.swift; sourceTree = "<group>"; };
		C0DE00000000000000000004 /* WrappingHStackLayout.swift */ = {isa = PBXFileReference; includeInIndex = 1; lastKnownFileType = sourcecode.swift; path = WrappingHStackLayout.swift; sourceTree = "<group>"; };
		CB821FD54D1D463CE4752F07 /* shim.h */ = {isa = PBXFileReference; includeInIndex = 1; lastKnownFileType = sourcecode.c.h; path = shim.h; sourceTree = "<group>"; };
		CEF99B3739A1286F88C144DF /* PluginInstaller.swift */ = {isa = PBXFileReference; includeInIndex = 1; lastKnownFileType = sourcecode.swift; path = PluginInstaller.swift; sourceTree = "<group>"; };
		D3627082E75332978D1A5ABF /* module.modulemap */ = {isa = PBXFileReference; includeInIndex = 1; lastKnownFileType = sourcecode.module; path = module.modulemap; sourceTree = "<group>"; };
		E776947BB048EC3DAFAB4165 /* ContextOSDesktopApp.swift */ = {isa = PBXFileReference; includeInIndex = 1; lastKnownFileType = sourcecode.swift; path = ContextOSDesktopApp.swift; sourceTree = "<group>"; };
		EEFC7A2EB420601BC4929B59 /* GraphStore.swift */ = {isa = PBXFileReference; includeInIndex = 1; lastKnownFileType = sourcecode.swift; path = GraphStore.swift; sourceTree = "<group>"; };
		F5DBE136DB21150D8BF64C01 /* NetworkLayoutEngine.swift */ = {isa = PBXFileReference; includeInIndex = 1; lastKnownFileType = sourcecode.swift; path = NetworkLayoutEngine.swift; sourceTree = "<group>"; };
		F8A5799A076A8333FD4582C2 /* DetailView.swift */ = {isa = PBXFileReference; includeInIndex = 1; lastKnownFileType = sourcecode.swift; path = DetailView.swift; sourceTree = "<group>"; };
		FA89952E0064C197616B8BD4 /* ProjectLocation.swift */ = {isa = PBXFileReference; includeInIndex = 1; lastKnownFileType = sourcecode.swift; path = ProjectLocation.swift; sourceTree = "<group>"; };
/* End PBXFileReference section */

/* Begin PBXFrameworksBuildPhase section */
		4B75F33A672EDC3139B97031 /* Frameworks */ = {
			isa = PBXFrameworksBuildPhase;
			buildActionMask = 2147483647;
			files = (
				6B482300D84883EDF327EAE7 /* Cocoa.framework in Frameworks */,
			);
			runOnlyForDeploymentPostprocessing = 0;
		};
/* End PBXFrameworksBuildPhase section */

/* Begin PBXGroup section */
		2406120922A96226155FBA65 /* Frameworks */ = {
			isa = PBXGroup;
			children = (
				38D1BC08F303966065F6BE99 /* OS X */,
			);
			name = Frameworks;
			sourceTree = "<group>";
		};
		38D1BC08F303966065F6BE99 /* OS X */ = {
			isa = PBXGroup;
			children = (
				C12A851D4F7BBA4BFA5E297F /* Cocoa.framework */,
			);
			name = "OS X";
			sourceTree = "<group>";
		};
		524A6637517E26040C61EE36 /* Sources */ = {
			isa = PBXGroup;
			children = (
				7707BD8DF892429D8FBE5473 /* ContextOSDesktop */,
				6B0E317F62069BF25F92F72F /* CSQLite */,
			);
			name = Sources;
			path = Sources;
			sourceTree = "<group>";
		};
		6B0E317F62069BF25F92F72F /* CSQLite */ = {
			isa = PBXGroup;
			children = (
				D3627082E75332978D1A5ABF /* module.modulemap */,
				CB821FD54D1D463CE4752F07 /* shim.h */,
			);
			name = CSQLite;
			path = CSQLite;
			sourceTree = "<group>";
		};
		6C2E9B3C66CFA8C20754B824 = {
			isa = PBXGroup;
			children = (
				C36199210BFD8EE642FF839C /* Products */,
				2406120922A96226155FBA65 /* Frameworks */,
				524A6637517E26040C61EE36 /* Sources */,
				9F0292F16489D30FA41478D8 /* Resources */,
			);
			sourceTree = "<group>";
		};
		7707BD8DF892429D8FBE5473 /* ContextOSDesktop */ = {
			isa = PBXGroup;
			children = (
				2E90D8B8F9708DF6AC2BD834 /* AppUpdater.swift */,
				9B20B7264BD50CDF8689D81D /* CanvasScene.swift */,
				10D7424A64C7B936FF398782 /* ContentView.swift */,
				E776947BB048EC3DAFAB4165 /* ContextOSDesktopApp.swift */,
				C0DE00000000000000000002 /* ContextOSVersion.swift */,
				F8A5799A076A8333FD4582C2 /* DetailView.swift */,
				31BB6ADC4F82384B6B57766D /* GraphCanvasView.swift */,
				EEFC7A2EB420601BC4929B59 /* GraphStore.swift */,
				1D6A8828032C460DD8666458 /* KnowledgeView.swift */,
				75E5350B2D13657C8B35AE41 /* MarkdownPage.swift */,
				C50C3E667653563A3C331EC3 /* Models.swift */,
				F5DBE136DB21150D8BF64C01 /* NetworkLayoutEngine.swift */,
				CEF99B3739A1286F88C144DF /* PluginInstaller.swift */,
				61C675EDBCE6EEC793620F1E /* ProjectDatabase.swift */,
				FA89952E0064C197616B8BD4 /* ProjectLocation.swift */,
				18F1723269D6CA447B5C3501 /* Theme.swift */,
				C0DE00000000000000000004 /* WrappingHStackLayout.swift */,
			);
			name = ContextOSDesktop;
			path = ContextOSDesktop;
			sourceTree = "<group>";
		};
		9F0292F16489D30FA41478D8 /* Resources */ = {
			isa = PBXGroup;
			children = (
				29C02B2D84EEF800CF1B093C /* AppIcon.icns */,
			);
			name = Resources;
			path = Resources;
			sourceTree = "<group>";
		};
		C36199210BFD8EE642FF839C /* Products */ = {
			isa = PBXGroup;
			children = (
				69F12F86A71CFBA92FB7EC04 /* contextos-desktop.app */,
			);
			name = Products;
			sourceTree = "<group>";
		};
/* End PBXGroup section */

/* Begin PBXNativeTarget section */
		66A880A190C37F403F882E2C /* contextos-desktop */ = {
			isa = PBXNativeTarget;
			buildConfigurationList = CA849037D18C3F7A8C92C351 /* Build configuration list for PBXNativeTarget "contextos-desktop" */;
			buildPhases = (
				7EB0C0DB3A22625D2E77AE7F /* Sources */,
				4B75F33A672EDC3139B97031 /* Frameworks */,
				220E8AF7930D95AAB99BDF6D /* Resources */,
				52CE9660B22E62FA58508D3B /* Embed contextos Codex plugin */,
			);
			buildRules = (
			);
			dependencies = (
			);
			name = "contextos-desktop";
			productName = ContextOS;
			productReference = 69F12F86A71CFBA92FB7EC04 /* contextos-desktop.app */;
			productType = "com.apple.product-type.application";
		};
/* End PBXNativeTarget section */

/* Begin PBXProject section */
		B180BCA22329F562F9AE159E /* Project object */ = {
			isa = PBXProject;
			attributes = {
				LastSwiftUpdateCheck = 1600;
				LastUpgradeCheck = 2600;
			};
			buildConfigurationList = 4D86C667687BCA5A381BFD4C /* Build configuration list for PBXProject "contextos-desktop" */;
			compatibilityVersion = "Xcode 3.2";
			developmentRegion = en;
			hasScannedForEncodings = 0;
			knownRegions = (
				en,
				Base,
			);
			mainGroup = 6C2E9B3C66CFA8C20754B824;
			minimizedProjectReferenceProxies = 0;
			preferredProjectObjectVersion = 77;
			productRefGroup = C36199210BFD8EE642FF839C /* Products */;
			projectDirPath = "";
			projectRoot = "";
			targets = (
				66A880A190C37F403F882E2C /* contextos-desktop */,
			);
		};
/* End PBXProject section */

/* Begin PBXResourcesBuildPhase section */
		220E8AF7930D95AAB99BDF6D /* Resources */ = {
			isa = PBXResourcesBuildPhase;
			buildActionMask = 2147483647;
			files = (
				D466BDDE606477C1E8E15B18 /* AppIcon.icns in Resources */,
			);
			runOnlyForDeploymentPostprocessing = 0;
		};
/* End PBXResourcesBuildPhase section */

/* Begin PBXShellScriptBuildPhase section */
		52CE9660B22E62FA58508D3B /* Embed contextos Codex plugin */ = {
			isa = PBXShellScriptBuildPhase;
			buildActionMask = 2147483647;
			files = (
			);
			inputFileListPaths = (
			);
			inputPaths = (
			);
			name = "Embed contextos Codex plugin";
			outputFileListPaths = (
			);
			outputPaths = (
				"$(TARGET_BUILD_DIR)/$(UNLOCALIZED_RESOURCES_FOLDER_PATH)/MarketplaceRoot/.agents/plugins/marketplace.json",
				"$(TARGET_BUILD_DIR)/$(UNLOCALIZED_RESOURCES_FOLDER_PATH)/server/contextos-mcp.mjs",
			);
			shellPath = /bin/sh;
			shellScript = "set -eu\nresources_dir=\"${BUILT_PRODUCTS_DIR}/${UNLOCALIZED_RESOURCES_FOLDER_PATH}\"\nmarketplace_root=\"${resources_dir}/MarketplaceRoot\"\nmkdir -p \"${marketplace_root}/plugins\" \"${marketplace_root}/.agents/plugins\"\n/usr/bin/rsync -a \"${SRCROOT}/../../plugins/contextos/\" \"${marketplace_root}/plugins/contextos/\"\n/usr/bin/rsync -a \"${SRCROOT}/../../.agents/plugins/\" \"${marketplace_root}/.agents/plugins/\"\n\nmkdir -p \"${resources_dir}/bin\" \"${resources_dir}/server\"\n/usr/bin/rsync -a \"${SRCROOT}/../../plugins/contextos/server/contextos-mcp.mjs\" \"${resources_dir}/server/\"\nif [ -f \"${SRCROOT}/../../.cache/node-darwin-arm64\" ]; then\n  cp \"${SRCROOT}/../../.cache/node-darwin-arm64\" \"${resources_dir}/bin/node\"\n  chmod 755 \"${resources_dir}/bin/node\"\nfi\n";
		};
/* End PBXShellScriptBuildPhase section */

/* Begin PBXSourcesBuildPhase section */
		7EB0C0DB3A22625D2E77AE7F /* Sources */ = {
			isa = PBXSourcesBuildPhase;
			buildActionMask = 2147483647;
			files = (
				853999CBA18C48F8B40F465C /* AppUpdater.swift in Sources */,
				81A7C0C76A9B6ED815D319F2 /* CanvasScene.swift in Sources */,
				DA133E04F323D56F8404F561 /* ContentView.swift in Sources */,
				7B56B05A544633682DF9690A /* ContextOSDesktopApp.swift in Sources */,
				C0DE00000000000000000001 /* ContextOSVersion.swift in Sources */,
				F29C364245A8714F205A037C /* DetailView.swift in Sources */,
				9B97C0DCF1E2E8443CD34311 /* GraphCanvasView.swift in Sources */,
				B49179793BC9564A7B05A929 /* GraphStore.swift in Sources */,
				31E844BB6CC7F5AF8A1AE048 /* KnowledgeView.swift in Sources */,
				9363A4DA350132E939374FE5 /* MarkdownPage.swift in Sources */,
				64EAF909E1FD56410C36B85F /* Models.swift in Sources */,
				E593FCB74118CB4D0353E44F /* NetworkLayoutEngine.swift in Sources */,
				68A5232C663AC5752A5BA134 /* PluginInstaller.swift in Sources */,
				2BD57D08C4AFD1C6469570C4 /* ProjectDatabase.swift in Sources */,
				D3ACC6A2DA7452A1CCA51BAA /* ProjectLocation.swift in Sources */,
				A1012E264FF6C03F871346A3 /* Theme.swift in Sources */,
				C0DE00000000000000000003 /* WrappingHStackLayout.swift in Sources */,
			);
			runOnlyForDeploymentPostprocessing = 0;
		};
/* End PBXSourcesBuildPhase section */

/* Begin XCBuildConfiguration section */
		20FE1E787DCDDCFDB5565A1C /* Debug */ = {
			isa = XCBuildConfiguration;
			buildSettings = {
				ALWAYS_SEARCH_USER_PATHS = NO;
				CLANG_ANALYZER_NONNULL = YES;
				CLANG_ANALYZER_NUMBER_OBJECT_CONVERSION = YES_AGGRESSIVE;
				CLANG_CXX_LANGUAGE_STANDARD = "gnu++14";
				CLANG_CXX_LIBRARY = "libc++";
				CLANG_ENABLE_MODULES = YES;
				CLANG_ENABLE_OBJC_ARC = YES;
				CLANG_ENABLE_OBJC_WEAK = YES;
				CLANG_WARN_BLOCK_CAPTURE_AUTORELEASING = YES;
				CLANG_WARN_BOOL_CONVERSION = YES;
				CLANG_WARN_COMMA = YES;
				CLANG_WARN_CONSTANT_CONVERSION = YES;
				CLANG_WARN_DEPRECATED_OBJC_IMPLEMENTATIONS = YES;
				CLANG_WARN_DIRECT_OBJC_ISA_USAGE = YES_ERROR;
				CLANG_WARN_DOCUMENTATION_COMMENTS = YES;
				CLANG_WARN_EMPTY_BODY = YES;
				CLANG_WARN_ENUM_CONVERSION = YES;
				CLANG_WARN_INFINITE_RECURSION = YES;
				CLANG_WARN_INT_CONVERSION = YES;
				CLANG_WARN_NON_LITERAL_NULL_CONVERSION = YES;
				CLANG_WARN_OBJC_IMPLICIT_RETAIN_SELF = YES;
				CLANG_WARN_OBJC_LITERAL_CONVERSION = YES;
				CLANG_WARN_OBJC_ROOT_CLASS = YES_ERROR;
				CLANG_WARN_QUOTED_INCLUDE_IN_FRAMEWORK_HEADER = YES;
				CLANG_WARN_RANGE_LOOP_ANALYSIS = YES;
				CLANG_WARN_STRICT_PROTOTYPES = YES;
				CLANG_WARN_SUSPICIOUS_MOVE = YES;
				CLANG_WARN_UNGUARDED_AVAILABILITY = YES_AGGRESSIVE;
				CLANG_WARN_UNREACHABLE_CODE = YES;
				CLANG_WARN__DUPLICATE_METHOD_MATCH = YES;
				COPY_PHASE_STRIP = NO;
				DEBUG_INFORMATION_FORMAT = dwarf;
				ENABLE_STRICT_OBJC_MSGSEND = YES;
				ENABLE_TESTABILITY = YES;
				GCC_C_LANGUAGE_STANDARD = gnu11;
				GCC_DYNAMIC_NO_PIC = NO;
				GCC_NO_COMMON_BLOCKS = YES;
				GCC_OPTIMIZATION_LEVEL = 0;
				GCC_PREPROCESSOR_DEFINITIONS = (
					"DEBUG=1",
					"$(inherited)",
				);
				GCC_WARN_64_TO_32_BIT_CONVERSION = YES;
				GCC_WARN_ABOUT_RETURN_TYPE = YES_ERROR;
				GCC_WARN_UNDECLARED_SELECTOR = YES;
				GCC_WARN_UNINITIALIZED_AUTOS = YES_AGGRESSIVE;
				GCC_WARN_UNUSED_FUNCTION = YES;
				GCC_WARN_UNUSED_VARIABLE = YES;
				MACOSX_DEPLOYMENT_TARGET = 14.0;
				MTL_ENABLE_DEBUG_INFO = INCLUDE_SOURCE;
				MTL_FAST_MATH = YES;
				ONLY_ACTIVE_ARCH = YES;
				PRODUCT_NAME = "$(TARGET_NAME)";
				SWIFT_ACTIVE_COMPILATION_CONDITIONS = DEBUG;
				SWIFT_OPTIMIZATION_LEVEL = "-Onone";
				SWIFT_VERSION = 5.0;
			};
			name = Debug;
		};
		96831124F6C01F53936A63DA /* Release */ = {
			isa = XCBuildConfiguration;
			buildSettings = {
				ARCHS = (
					arm64,
					x86_64,
				);
				ASSETCATALOG_COMPILER_APPICON_NAME = "";
				ASSETCATALOG_COMPILER_GLOBAL_ACCENT_COLOR_NAME = AccentColor;
				CLANG_ENABLE_MODULES = YES;
				"CODE_SIGN_IDENTITY[sdk=macosx*]" = "Developer ID Application: binbin yu (4QAVDJK7PA)";
				CODE_SIGN_INJECT_BASE_ENTITLEMENTS = NO;
				CODE_SIGN_STYLE = Manual;
				COMBINE_HIDPI_IMAGES = YES;
				DEVELOPMENT_TEAM = 4QAVDJK7PA;
				ENABLE_HARDENED_RUNTIME = YES;
				GENERATE_INFOPLIST_FILE = NO;
				HEADER_SEARCH_PATHS = "$(SRCROOT)/Sources/CSQLite";
				INFOPLIST_FILE = Resources/Info.plist;
				LD_RUNPATH_SEARCH_PATHS = "$(inherited) @executable_path/../Frameworks";
				MACOSX_DEPLOYMENT_TARGET = 14.0;
				ONLY_ACTIVE_ARCH = NO;
				OTHER_LDFLAGS = (
					"$(inherited)",
					"-lsqlite3",
				);
				PRODUCT_BUNDLE_IDENTIFIER = com.contextos.desktop;
				PRODUCT_NAME = ContextOS;
				MARKETING_VERSION = 2.6.0;
				CURRENT_PROJECT_VERSION = 20600;
				SDKROOT = macosx;
				SUPPORTED_PLATFORMS = macosx;
				SWIFT_COMPILATION_MODE = wholemodule;
				SWIFT_INCLUDE_PATHS = "$(SRCROOT)/Sources/CSQLite";
				SWIFT_OBJC_BRIDGING_HEADER = "";
				SWIFT_OPTIMIZATION_LEVEL = "-O";
				SWIFT_VERSION = 5.0;
			};
			name = Release;
		};
		A879FE368A857BE2E20CAA5E /* Release */ = {
			isa = XCBuildConfiguration;
			buildSettings = {
				ALWAYS_SEARCH_USER_PATHS = NO;
				CLANG_ANALYZER_NONNULL = YES;
				CLANG_ANALYZER_NUMBER_OBJECT_CONVERSION = YES_AGGRESSIVE;
				CLANG_CXX_LANGUAGE_STANDARD = "gnu++14";
				CLANG_CXX_LIBRARY = "libc++";
				CLANG_ENABLE_MODULES = YES;
				CLANG_ENABLE_OBJC_ARC = YES;
				CLANG_ENABLE_OBJC_WEAK = YES;
				CLANG_WARN_BLOCK_CAPTURE_AUTORELEASING = YES;
				CLANG_WARN_BOOL_CONVERSION = YES;
				CLANG_WARN_COMMA = YES;
				CLANG_WARN_CONSTANT_CONVERSION = YES;
				CLANG_WARN_DEPRECATED_OBJC_IMPLEMENTATIONS = YES;
				CLANG_WARN_DIRECT_OBJC_ISA_USAGE = YES_ERROR;
				CLANG_WARN_DOCUMENTATION_COMMENTS = YES;
				CLANG_WARN_EMPTY_BODY = YES;
				CLANG_WARN_ENUM_CONVERSION = YES;
				CLANG_WARN_INFINITE_RECURSION = YES;
				CLANG_WARN_INT_CONVERSION = YES;
				CLANG_WARN_NON_LITERAL_NULL_CONVERSION = YES;
				CLANG_WARN_OBJC_IMPLICIT_RETAIN_SELF = YES;
				CLANG_WARN_OBJC_LITERAL_CONVERSION = YES;
				CLANG_WARN_OBJC_ROOT_CLASS = YES_ERROR;
				CLANG_WARN_QUOTED_INCLUDE_IN_FRAMEWORK_HEADER = YES;
				CLANG_WARN_RANGE_LOOP_ANALYSIS = YES;
				CLANG_WARN_STRICT_PROTOTYPES = YES;
				CLANG_WARN_SUSPICIOUS_MOVE = YES;
				CLANG_WARN_UNGUARDED_AVAILABILITY = YES_AGGRESSIVE;
				CLANG_WARN_UNREACHABLE_CODE = YES;
				CLANG_WARN__DUPLICATE_METHOD_MATCH = YES;
				COPY_PHASE_STRIP = NO;
				DEBUG_INFORMATION_FORMAT = "dwarf-with-dsym";
				ENABLE_NS_ASSERTIONS = NO;
				ENABLE_STRICT_OBJC_MSGSEND = YES;
				GCC_C_LANGUAGE_STANDARD = gnu11;
				GCC_NO_COMMON_BLOCKS = YES;
				GCC_WARN_64_TO_32_BIT_CONVERSION = YES;
				GCC_WARN_ABOUT_RETURN_TYPE = YES_ERROR;
				GCC_WARN_UNDECLARED_SELECTOR = YES;
				GCC_WARN_UNINITIALIZED_AUTOS = YES_AGGRESSIVE;
				GCC_WARN_UNUSED_FUNCTION = YES;
				GCC_WARN_UNUSED_VARIABLE = YES;
				MACOSX_DEPLOYMENT_TARGET = 14.0;
				MTL_ENABLE_DEBUG_INFO = NO;
				MTL_FAST_MATH = YES;
				PRODUCT_NAME = "$(TARGET_NAME)";
				SWIFT_COMPILATION_MODE = wholemodule;
				SWIFT_OPTIMIZATION_LEVEL = "-O";
				SWIFT_VERSION = 5.0;
			};
			name = Release;
		};
		C5DD58E267E89D253CE2FF02 /* Debug */ = {
			isa = XCBuildConfiguration;
			buildSettings = {
				ARCHS = (
					arm64,
					x86_64,
				);
				ASSETCATALOG_COMPILER_APPICON_NAME = "";
				ASSETCATALOG_COMPILER_GLOBAL_ACCENT_COLOR_NAME = AccentColor;
				CLANG_ENABLE_MODULES = YES;
				"CODE_SIGN_IDENTITY[sdk=macosx*]" = "Developer ID Application: binbin yu (4QAVDJK7PA)";
				CODE_SIGN_INJECT_BASE_ENTITLEMENTS = NO;
				CODE_SIGN_STYLE = Manual;
				COMBINE_HIDPI_IMAGES = YES;
				DEVELOPMENT_TEAM = 4QAVDJK7PA;
				ENABLE_HARDENED_RUNTIME = YES;
				GCC_PREPROCESSOR_DEFINITIONS = (
					"$(inherited)",
					"DEBUG=1",
				);
				GENERATE_INFOPLIST_FILE = NO;
				HEADER_SEARCH_PATHS = "$(SRCROOT)/Sources/CSQLite";
				INFOPLIST_FILE = Resources/Info.plist;
				LD_RUNPATH_SEARCH_PATHS = "$(inherited) @executable_path/../Frameworks";
				MACOSX_DEPLOYMENT_TARGET = 14.0;
				ONLY_ACTIVE_ARCH = NO;
				OTHER_LDFLAGS = (
					"$(inherited)",
					"-lsqlite3",
				);
				PRODUCT_BUNDLE_IDENTIFIER = com.contextos.desktop;
				PRODUCT_NAME = ContextOS;
				MARKETING_VERSION = 2.6.0;
				CURRENT_PROJECT_VERSION = 20600;
				SDKROOT = macosx;
				SUPPORTED_PLATFORMS = macosx;
				SWIFT_INCLUDE_PATHS = "$(SRCROOT)/Sources/CSQLite";
				SWIFT_OBJC_BRIDGING_HEADER = "";
				SWIFT_OPTIMIZATION_LEVEL = "-Onone";
				SWIFT_VERSION = 5.0;
			};
			name = Debug;
		};
/* End XCBuildConfiguration section */

/* Begin XCConfigurationList section */
		4D86C667687BCA5A381BFD4C /* Build configuration list for PBXProject "contextos-desktop" */ = {
			isa = XCConfigurationList;
			buildConfigurations = (
				20FE1E787DCDDCFDB5565A1C /* Debug */,
				A879FE368A857BE2E20CAA5E /* Release */,
			);
			defaultConfigurationIsVisible = 0;
			defaultConfigurationName = Release;
		};
		CA849037D18C3F7A8C92C351 /* Build configuration list for PBXNativeTarget "contextos-desktop" */ = {
			isa = XCConfigurationList;
			buildConfigurations = (
				96831124F6C01F53936A63DA /* Release */,
				C5DD58E267E89D253CE2FF02 /* Debug */,
			);
			defaultConfigurationIsVisible = 0;
			defaultConfigurationName = Release;
		};
/* End XCConfigurationList section */
	};
	rootObject = B180BCA22329F562F9AE159E /* Project object */;
}
